
Microsoft Visual Studio Solution File, Format Version 12.00
# Visual Studio Version 16
VisualStudioVersion = 16.0.29209.62
MinimumVisualStudioVersion = 10.0.40219.1
Project("{9A19103F-16F7-4668-BE54-9A1E7A4F7556}") = "ConsolePetShop", "PetShop\ConsolePetShop.csproj", "{2CC14CD1-5521-46C5-AD17-E27DE611C58E}"
	ProjectSection(ProjectDependencies) = postProject
		{C21FA63B-73B3-41F8-9D61-E181242C6016} = {C21FA63B-73B3-41F8-9D61-E181242C6016}
		{2A972156-7146-453E-BF4A-05C997CD8370} = {2A972156-7146-453E-BF4A-05C997CD8370}
		{A2C93E8C-D5E1-491D-B95B-451A36E08FA0} = {A2C93E8C-D5E1-491D-B95B-451A36E08FA0}
	EndProjectSection
EndProject
Project("{2150E333-8FDC-42A3-9474-1A3956D46DE8}") = "Petshop.Core", "Petshop.Core", "{6C615D8C-36B9-4D46-A89A-1DE6D15DDED4}"
EndProject
Project("{2150E333-8FDC-42A3-9474-1A3956D46DE8}") = "PetShop.Core.Entity", "PetShop.Core.Entity", "{44A13F3A-2271-419D-BC00-E3E750A34F89}"
EndProject
Project("{2150E333-8FDC-42A3-9474-1A3956D46DE8}") = "PetShop.Infrastructure.Data", "PetShop.Infrastructure.Data", "{707D2DC8-5B8F-43EF-BE3F-F40905723A9D}"
EndProject
Project("{2150E333-8FDC-42A3-9474-1A3956D46DE8}") = "PetConsole", "PetConsole", "{46D92ECA-39B9-4116-B174-B89A64A09F01}"
EndProject
Project("{9A19103F-16F7-4668-BE54-9A1E7A4F7556}") = "Core", "Core\Core.csproj", "{A2C93E8C-D5E1-491D-B95B-451A36E08FA0}"
EndProject
Project("{9A19103F-16F7-4668-BE54-9A1E7A4F7556}") = "Entity", "Entity\Entity.csproj", "{2A972156-7146-453E-BF4A-05C997CD8370}"
EndProject
Project("{9A19103F-16F7-4668-BE54-9A1E7A4F7556}") = "Infrastructure", "Infrastructure\Infrastructure.csproj", "{C21FA63B-73B3-41F8-9D61-E181242C6016}"
EndProject
Global
	GlobalSection(SolutionConfigurationPlatforms) = preSolution
		Debug|Any CPU = Debug|Any CPU
		Release|Any CPU = Release|Any CPU
	EndGlobalSection
	GlobalSection(ProjectConfigurationPlatforms) = postSolution
		{2CC14CD1-5521-46C5-AD17-E27DE611C58E}.Debug|Any CPU.ActiveCfg = Debug|Any CPU
		{2CC14CD1-5521-46C5-AD17-E27DE611C58E}.Debug|Any CPU.Build.0 = Debug|Any CPU
		{2CC14CD1-5521-46C5-AD17-E27DE611C58E}.Release|Any CPU.ActiveCfg = Release|Any CPU
		{2CC14CD1-5521-46C5-AD17-E27DE611C58E}.Release|Any CPU.Build.0 = Release|Any CPU
		{A2C93E8C-D5E1-491D-B95B-451A36E08FA0}.Debug|Any CPU.ActiveCfg = Debug|Any CPU
		{A2C93E8C-D5E1-491D-B95B-451A36E08FA0}.Debug|Any CPU.Build.0 = Debug|Any CPU
		{A2C93E8C-D5E1-491D-B95B-451A36E08FA0}.Release|Any CPU.ActiveCfg = Release|Any CPU
		{A2C93E8C-D5E1-491D-B95B-451A36E08FA0}.Release|Any CPU.Build.0 = Release|Any CPU
		{2A972156-7146-453E-BF4A-05C997CD8370}.Debug|Any CPU.ActiveCfg = Debug|Any CPU
		{2A972156-7146-453E-BF4A-05C997CD8370}.Debug|Any CPU.Build.0 = Debug|Any CPU
		{2A972156-7146-453E-BF4A-05C997CD8370}.Release|Any CPU.ActiveCfg = Release|Any CPU
		{2A972156-7146-453E-BF4A-05C997CD8370}.Release|Any CPU.Build.0 = Release|Any CPU
		{C21FA63B-73B3-41F8-9D61-E181242C6016}.Debug|Any CPU.ActiveCfg = Debug|Any CPU
		{C21FA63B-73B3-41F8-9D61-E181242C6016}.Debug|Any CPU.Build.0 = Debug|Any CPU
		{C21FA63B-73B3-41F8-9D61-E181242C6016}.Release|Any CPU.ActiveCfg = Release|Any CPU
		{C21FA63B-73B3-41F8-9D61-E181242C6016}.Release|Any CPU.Build.0 = Release|Any CPU
	EndGlobalSection
	GlobalSection(SolutionProperties) = preSolution
		HideSolutionNode = FALSE
	EndGlobalSection
	GlobalSection(NestedProjects) = preSolution
		{2CC14CD1-5521-46C5-AD17-E27DE611C58E} = {46D92ECA-39B9-4116-B174-B89A64A09F01}
		{A2C93E8C-D5E1-491D-B95B-451A36E08FA0} = {6C615D8C-36B9-4D46-A89A-1DE6D15DDED4}
		{2A972156-7146-453E-BF4A-05C997CD8370} = {44A13F3A-2271-419D-BC00-E3E750A34F89}
		{C21FA63B-73B3-41F8-9D61-E181242C6016} = {707D2DC8-5B8F-43EF-BE3F-F40905723A9D}
	EndGlobalSection
	GlobalSection(ExtensibilityGlobals) = postSolution
		SolutionGuid = {FA7DD7F6-A49F-4765-8882-BF976656E6CB}
	EndGlobalSection
EndGlobal
