
Microsoft Visual Studio Solution File, Format Version 12.00
# Visual Studio Version 16
VisualStudioVersion = 16.0.29215.179
MinimumVisualStudioVersion = 10.0.40219.1
Project("{2150E333-8FDC-42A3-9474-1A3956D46DE8}") = "Petshop.Core", "Petshop.Core", "{DDF5297E-EE2A-479C-A0E3-3E5F7C303B6A}"
EndProject
Project("{9A19103F-16F7-4668-BE54-9A1E7A4F7556}") = "Core", "Core\Core.csproj", "{359A4ACD-D252-4183-A5F0-11C5A19D52D7}"
EndProject
Project("{2150E333-8FDC-42A3-9474-1A3956D46DE8}") = "Petshop.Core.Entity", "Petshop.Core.Entity", "{03D6F284-A40E-4307-80E6-21313F84243C}"
EndProject
Project("{9A19103F-16F7-4668-BE54-9A1E7A4F7556}") = "Entity", "Entity\Entity.csproj", "{0B904FCE-5644-4235-A495-D8FF70AECEF6}"
EndProject
Project("{2150E333-8FDC-42A3-9474-1A3956D46DE8}") = "PetShop.Infrastructure.Data", "PetShop.Infrastructure.Data", "{591188EF-5C5D-4A30-9B7E-601C0C07CE9A}"
EndProject
Project("{9A19103F-16F7-4668-BE54-9A1E7A4F7556}") = "Infrastructure", "Infrastructure\Infrastructure.csproj", "{7C960306-141E-4B1C-98C3-73780899818E}"
EndProject
Project("{2150E333-8FDC-42A3-9474-1A3956D46DE8}") = "UI", "UI", "{4DB95994-7961-46EB-86F6-C3ECBD5E2F28}"
EndProject
Project("{9A19103F-16F7-4668-BE54-9A1E7A4F7556}") = "ConsolePetShop", "ConsolePetShop\ConsolePetShop.csproj", "{16BAD479-7B38-4881-A95E-7F455FB47018}"
EndProject
Project("{9A19103F-16F7-4668-BE54-9A1E7A4F7556}") = "UI.RestApi", "UI.RestApi\UI.RestApi.csproj", "{ECE61931-42A5-42C1-BC44-624503650D2C}"
EndProject
Project("{FAE04EC0-301F-11D3-BF4B-00C04F79EFBC}") = "PetShop.Infrastructure.SQL", "PetShop.Infrastructure.SQL\PetShop.Infrastructure.SQL.csproj", "{1C084E2C-BB73-4122-B153-8FCD10E3D1A5}"
EndProject
Global
	GlobalSection(SolutionConfigurationPlatforms) = preSolution
		Debug|Any CPU = Debug|Any CPU
		Release|Any CPU = Release|Any CPU
	EndGlobalSection
	GlobalSection(ProjectConfigurationPlatforms) = postSolution
		{359A4ACD-D252-4183-A5F0-11C5A19D52D7}.Debug|Any CPU.ActiveCfg = Debug|Any CPU
		{359A4ACD-D252-4183-A5F0-11C5A19D52D7}.Debug|Any CPU.Build.0 = Debug|Any CPU
		{359A4ACD-D252-4183-A5F0-11C5A19D52D7}.Release|Any CPU.ActiveCfg = Release|Any CPU
		{359A4ACD-D252-4183-A5F0-11C5A19D52D7}.Release|Any CPU.Build.0 = Release|Any CPU
		{0B904FCE-5644-4235-A495-D8FF70AECEF6}.Debug|Any CPU.ActiveCfg = Debug|Any CPU
		{0B904FCE-5644-4235-A495-D8FF70AECEF6}.Debug|Any CPU.Build.0 = Debug|Any CPU
		{0B904FCE-5644-4235-A495-D8FF70AECEF6}.Release|Any CPU.ActiveCfg = Release|Any CPU
		{0B904FCE-5644-4235-A495-D8FF70AECEF6}.Release|Any CPU.Build.0 = Release|Any CPU
		{7C960306-141E-4B1C-98C3-73780899818E}.Debug|Any CPU.ActiveCfg = Debug|Any CPU
		{7C960306-141E-4B1C-98C3-73780899818E}.Debug|Any CPU.Build.0 = Debug|Any CPU
		{7C960306-141E-4B1C-98C3-73780899818E}.Release|Any CPU.ActiveCfg = Release|Any CPU
		{7C960306-141E-4B1C-98C3-73780899818E}.Release|Any CPU.Build.0 = Release|Any CPU
		{16BAD479-7B38-4881-A95E-7F455FB47018}.Debug|Any CPU.ActiveCfg = Debug|Any CPU
		{16BAD479-7B38-4881-A95E-7F455FB47018}.Debug|Any CPU.Build.0 = Debug|Any CPU
		{16BAD479-7B38-4881-A95E-7F455FB47018}.Release|Any CPU.ActiveCfg = Release|Any CPU
		{16BAD479-7B38-4881-A95E-7F455FB47018}.Release|Any CPU.Build.0 = Release|Any CPU
		{ECE61931-42A5-42C1-BC44-624503650D2C}.Debug|Any CPU.ActiveCfg = Debug|Any CPU
		{ECE61931-42A5-42C1-BC44-624503650D2C}.Debug|Any CPU.Build.0 = Debug|Any CPU
		{ECE61931-42A5-42C1-BC44-624503650D2C}.Release|Any CPU.ActiveCfg = Release|Any CPU
		{ECE61931-42A5-42C1-BC44-624503650D2C}.Release|Any CPU.Build.0 = Release|Any CPU
		{1C084E2C-BB73-4122-B153-8FCD10E3D1A5}.Debug|Any CPU.ActiveCfg = Debug|Any CPU
		{1C084E2C-BB73-4122-B153-8FCD10E3D1A5}.Debug|Any CPU.Build.0 = Debug|Any CPU
		{1C084E2C-BB73-4122-B153-8FCD10E3D1A5}.Release|Any CPU.ActiveCfg = Release|Any CPU
		{1C084E2C-BB73-4122-B153-8FCD10E3D1A5}.Release|Any CPU.Build.0 = Release|Any CPU
	EndGlobalSection
	GlobalSection(SolutionProperties) = preSolution
		HideSolutionNode = FALSE
	EndGlobalSection
	GlobalSection(NestedProjects) = preSolution
		{359A4ACD-D252-4183-A5F0-11C5A19D52D7} = {DDF5297E-EE2A-479C-A0E3-3E5F7C303B6A}
		{0B904FCE-5644-4235-A495-D8FF70AECEF6} = {03D6F284-A40E-4307-80E6-21313F84243C}
		{7C960306-141E-4B1C-98C3-73780899818E} = {591188EF-5C5D-4A30-9B7E-601C0C07CE9A}
		{16BAD479-7B38-4881-A95E-7F455FB47018} = {4DB95994-7961-46EB-86F6-C3ECBD5E2F28}
		{ECE61931-42A5-42C1-BC44-624503650D2C} = {4DB95994-7961-46EB-86F6-C3ECBD5E2F28}
		{1C084E2C-BB73-4122-B153-8FCD10E3D1A5} = {591188EF-5C5D-4A30-9B7E-601C0C07CE9A}
	EndGlobalSection
	GlobalSection(ExtensibilityGlobals) = postSolution
		SolutionGuid = {5C801300-CC18-451A-86D7-BFE2864106E0}
	EndGlobalSection
EndGlobal
